
Microsoft Visual Studio Solution File, Format Version 12.00
# Visual Studio Version 16
VisualStudioVersion = 16.0.30907.101
MinimumVisualStudioVersion = 10.0.40219.1
Project("{FAE04EC0-301F-11D3-BF4B-00C04F79EFBC}") = "Razrabotka_praktika", "Razrabotka_praktika\Razrabotka_praktika.csproj", "{3B519AC1-70F2-4B23-9A56-AC03831F1D16}"
EndProject
Global
	GlobalSection(SolutionConfigurationPlatforms) = preSolution
		Debug|Any CPU = Debug|Any CPU
		Release|Any CPU = Release|Any CPU
	EndGlobalSection
	GlobalSection(ProjectConfigurationPlatforms) = postSolution
		{3B519AC1-70F2-4B23-9A56-AC03831F1D16}.Debug|Any CPU.ActiveCfg = Debug|Any CPU
		{3B519AC1-70F2-4B23-9A56-AC03831F1D16}.Debug|Any CPU.Build.0 = Debug|Any CPU
		{3B519AC1-70F2-4B23-9A56-AC03831F1D16}.Release|Any CPU.ActiveCfg = Release|Any CPU
		{3B519AC1-70F2-4B23-9A56-AC03831F1D16}.Release|Any CPU.Build.0 = Release|Any CPU
	EndGlobalSection
	GlobalSection(SolutionProperties) = preSolution
		HideSolutionNode = FALSE
	EndGlobalSection
	GlobalSection(ExtensibilityGlobals) = postSolution
		SolutionGuid = {F2513EE9-2E93-4B30-AC09-293CE5BAEED4}
	EndGlobalSection
EndGlobal
